// !$*UTF8*$!
{
	archiveVersion = 1;
	classes = {
	};
	objectVersion = 46;
	objects = {

/* Begin PBXBuildFile section */
		181A6C661A81875800DC9CB9 /* Bolts.framework in Frameworks */ = {isa = PBXBuildFile; fileRef = 181A6C651A81875800DC9CB9 /* Bolts.framework */; };
		6259793B1A80358300AF6C9D /* main.m in Sources */ = {isa = PBXBuildFile; fileRef = 6259793A1A80358300AF6C9D /* main.m */; };
		6259793E1A80358300AF6C9D /* AppDelegate.m in Sources */ = {isa = PBXBuildFile; fileRef = 6259793D1A80358300AF6C9D /* AppDelegate.m */; };
		625979491A80358300AF6C9D /* Images.xcassets in Resources */ = {isa = PBXBuildFile; fileRef = 625979481A80358300AF6C9D /* Images.xcassets */; };
		625979581A80358300AF6C9D /* AudioGramTests.m in Sources */ = {isa = PBXBuildFile; fileRef = 625979571A80358300AF6C9D /* AudioGramTests.m */; };
		62AB2CB51A81CA81008FAF04 /* MyLoginViewController.m in Sources */ = {isa = PBXBuildFile; fileRef = 62AB2CB41A81CA81008FAF04 /* MyLoginViewController.m */; };
		62AD3A4E1A813532009FDE5C /* AddPhotoViewController.m in Sources */ = {isa = PBXBuildFile; fileRef = 62AD3A3B1A813532009FDE5C /* AddPhotoViewController.m */; };
		62AD3A4F1A813532009FDE5C /* AudioGram.xcdatamodeld in Sources */ = {isa = PBXBuildFile; fileRef = 62AD3A3C1A813532009FDE5C /* AudioGram.xcdatamodeld */; };
		62AD3A501A813532009FDE5C /* LaunchScreen.xib in Resources */ = {isa = PBXBuildFile; fileRef = 62AD3A3F1A813532009FDE5C /* LaunchScreen.xib */; };
		62AD3A511A813532009FDE5C /* Main.storyboard in Resources */ = {isa = PBXBuildFile; fileRef = 62AD3A411A813532009FDE5C /* Main.storyboard */; };
		62AD3A521A813532009FDE5C /* HomeViewController.m in Sources */ = {isa = PBXBuildFile; fileRef = 62AD3A441A813532009FDE5C /* HomeViewController.m */; };
		62AD3A531A813532009FDE5C /* ImageCollectionViewCell.m in Sources */ = {isa = PBXBuildFile; fileRef = 62AD3A461A813532009FDE5C /* ImageCollectionViewCell.m */; };
		62AD3A951A8170E8009FDE5C /* AudioToolbox.framework in Frameworks */ = {isa = PBXBuildFile; fileRef = 62AD3A941A8170E8009FDE5C /* AudioToolbox.framework */; };
		62AD3A971A8170EF009FDE5C /* Accounts.framework in Frameworks */ = {isa = PBXBuildFile; fileRef = 62AD3A961A8170EF009FDE5C /* Accounts.framework */; };
		62AD3A991A8170F5009FDE5C /* AdSupport.framework in Frameworks */ = {isa = PBXBuildFile; fileRef = 62AD3A981A8170F5009FDE5C /* AdSupport.framework */; };
		62AD3A9B1A8170F9009FDE5C /* CFNetwork.framework in Frameworks */ = {isa = PBXBuildFile; fileRef = 62AD3A9A1A8170F9009FDE5C /* CFNetwork.framework */; };
		62AD3A9D1A817100009FDE5C /* CoreGraphics.framework in Frameworks */ = {isa = PBXBuildFile; fileRef = 62AD3A9C1A817100009FDE5C /* CoreGraphics.framework */; };
		62AD3A9F1A817106009FDE5C /* CoreLocation.framework in Frameworks */ = {isa = PBXBuildFile; fileRef = 62AD3A9E1A817106009FDE5C /* CoreLocation.framework */; };
		62AD3AA11A81710F009FDE5C /* libsqlite3.dylib in Frameworks */ = {isa = PBXBuildFile; fileRef = 62AD3AA01A81710F009FDE5C /* libsqlite3.dylib */; };
		62AD3AA31A817117009FDE5C /* libz.1.1.3.dylib in Frameworks */ = {isa = PBXBuildFile; fileRef = 62AD3AA21A817117009FDE5C /* libz.1.1.3.dylib */; };
		62AD3AA51A81711E009FDE5C /* MobileCoreServices.framework in Frameworks */ = {isa = PBXBuildFile; fileRef = 62AD3AA41A81711E009FDE5C /* MobileCoreServices.framework */; };
		62AD3AA71A817126009FDE5C /* QuartzCore.framework in Frameworks */ = {isa = PBXBuildFile; fileRef = 62AD3AA61A817126009FDE5C /* QuartzCore.framework */; };
		62AD3AA91A81712C009FDE5C /* Security.framework in Frameworks */ = {isa = PBXBuildFile; fileRef = 62AD3AA81A81712C009FDE5C /* Security.framework */; };
		62AD3AAB1A817131009FDE5C /* Social.framework in Frameworks */ = {isa = PBXBuildFile; fileRef = 62AD3AAA1A817131009FDE5C /* Social.framework */; };
		62AD3AAD1A817136009FDE5C /* StoreKit.framework in Frameworks */ = {isa = PBXBuildFile; fileRef = 62AD3AAC1A817136009FDE5C /* StoreKit.framework */; };
		62AD3AAF1A81713E009FDE5C /* SystemConfiguration.framework in Frameworks */ = {isa = PBXBuildFile; fileRef = 62AD3AAE1A81713E009FDE5C /* SystemConfiguration.framework */; };
		62AD3AB11A817143009FDE5C /* UIKit.framework in Frameworks */ = {isa = PBXBuildFile; fileRef = 62AD3AB01A817143009FDE5C /* UIKit.framework */; };
		62AD3ABC1A81798E009FDE5C /* SearchViewController.m in Sources */ = {isa = PBXBuildFile; fileRef = 62AD3ABB1A81798E009FDE5C /* SearchViewController.m */; };
		62AD3ABF1A8179C1009FDE5C /* SelectedPictureViewController.m in Sources */ = {isa = PBXBuildFile; fileRef = 62AD3ABE1A8179C1009FDE5C /* SelectedPictureViewController.m */; };
		62AD3AC21A8179DF009FDE5C /* ProfileViewController.m in Sources */ = {isa = PBXBuildFile; fileRef = 62AD3AC11A8179DF009FDE5C /* ProfileViewController.m */; };
		62AD3AD11A8182AF009FDE5C /* Parse.framework in Frameworks */ = {isa = PBXBuildFile; fileRef = 62AD3ACD1A8182AF009FDE5C /* Parse.framework */; };
		62AD3AD21A8182AF009FDE5C /* ParseCrashReporting.framework in Frameworks */ = {isa = PBXBuildFile; fileRef = 62AD3ACE1A8182AF009FDE5C /* ParseCrashReporting.framework */; };
		62AD3AD31A8182AF009FDE5C /* ParseFacebookUtils.framework in Frameworks */ = {isa = PBXBuildFile; fileRef = 62AD3ACF1A8182AF009FDE5C /* ParseFacebookUtils.framework */; };
		62AD3AD41A8182AF009FDE5C /* ParseUI.framework in Frameworks */ = {isa = PBXBuildFile; fileRef = 62AD3AD01A8182AF009FDE5C /* ParseUI.framework */; };
		62AD3AD71A819427009FDE5C /* AVFoundation.framework in Frameworks */ = {isa = PBXBuildFile; fileRef = 62AD3AD51A818F92009FDE5C /* AVFoundation.framework */; };
/* End PBXBuildFile section */

/* Begin PBXContainerItemProxy section */
		625979521A80358300AF6C9D /* PBXContainerItemProxy */ = {
			isa = PBXContainerItemProxy;
			containerPortal = 6259792D1A80358300AF6C9D /* Project object */;
			proxyType = 1;
			remoteGlobalIDString = 625979341A80358300AF6C9D;
			remoteInfo = AudioGram;
		};
/* End PBXContainerItemProxy section */

/* Begin PBXFileReference section */
		181A6C651A81875800DC9CB9 /* Bolts.framework */ = {isa = PBXFileReference; lastKnownFileType = wrapper.framework; path = Bolts.framework; sourceTree = "<group>"; };
		625979351A80358300AF6C9D /* AudioGram.app */ = {isa = PBXFileReference; explicitFileType = wrapper.application; includeInIndex = 0; path = AudioGram.app; sourceTree = BUILT_PRODUCTS_DIR; };
		625979391A80358300AF6C9D /* Info.plist */ = {isa = PBXFileReference; lastKnownFileType = text.plist.xml; path = Info.plist; sourceTree = "<group>"; };
		6259793A1A80358300AF6C9D /* main.m */ = {isa = PBXFileReference; lastKnownFileType = sourcecode.c.objc; path = main.m; sourceTree = "<group>"; };
		6259793C1A80358300AF6C9D /* AppDelegate.h */ = {isa = PBXFileReference; lastKnownFileType = sourcecode.c.h; path = AppDelegate.h; sourceTree = "<group>"; };
		6259793D1A80358300AF6C9D /* AppDelegate.m */ = {isa = PBXFileReference; lastKnownFileType = sourcecode.c.objc; path = AppDelegate.m; sourceTree = "<group>"; };
		625979481A80358300AF6C9D /* Images.xcassets */ = {isa = PBXFileReference; lastKnownFileType = folder.assetcatalog; path = Images.xcassets; sourceTree = "<group>"; };
		625979511A80358300AF6C9D /* AudioGramTests.xctest */ = {isa = PBXFileReference; explicitFileType = wrapper.cfbundle; includeInIndex = 0; path = AudioGramTests.xctest; sourceTree = BUILT_PRODUCTS_DIR; };
		625979561A80358300AF6C9D /* Info.plist */ = {isa = PBXFileReference; lastKnownFileType = text.plist.xml; path = Info.plist; sourceTree = "<group>"; };
		625979571A80358300AF6C9D /* AudioGramTests.m */ = {isa = PBXFileReference; lastKnownFileType = sourcecode.c.objc; path = AudioGramTests.m; sourceTree = "<group>"; };
		62AB2CB31A81CA81008FAF04 /* MyLoginViewController.h */ = {isa = PBXFileReference; fileEncoding = 4; lastKnownFileType = sourcecode.c.h; name = MyLoginViewController.h; path = ../MyLoginViewController.h; sourceTree = "<group>"; };
		62AB2CB41A81CA81008FAF04 /* MyLoginViewController.m */ = {isa = PBXFileReference; fileEncoding = 4; lastKnownFileType = sourcecode.c.objc; name = MyLoginViewController.m; path = ../MyLoginViewController.m; sourceTree = "<group>"; };
		62AD3A3A1A813532009FDE5C /* AddPhotoViewController.h */ = {isa = PBXFileReference; fileEncoding = 4; lastKnownFileType = sourcecode.c.h; path = AddPhotoViewController.h; sourceTree = "<group>"; };
		62AD3A3B1A813532009FDE5C /* AddPhotoViewController.m */ = {isa = PBXFileReference; fileEncoding = 4; lastKnownFileType = sourcecode.c.objc; path = AddPhotoViewController.m; sourceTree = "<group>"; };
		62AD3A3D1A813532009FDE5C /* AudioGram.xcdatamodel */ = {isa = PBXFileReference; lastKnownFileType = wrapper.xcdatamodel; path = AudioGram.xcdatamodel; sourceTree = "<group>"; };
		62AD3A401A813532009FDE5C /* Base */ = {isa = PBXFileReference; lastKnownFileType = file.xib; name = Base; path = LaunchScreen.xib; sourceTree = "<group>"; };
		62AD3A421A813532009FDE5C /* Base */ = {isa = PBXFileReference; lastKnownFileType = file.storyboard; name = Base; path = Main.storyboard; sourceTree = "<group>"; };
		62AD3A431A813532009FDE5C /* HomeViewController.h */ = {isa = PBXFileReference; fileEncoding = 4; lastKnownFileType = sourcecode.c.h; path = HomeViewController.h; sourceTree = "<group>"; };
		62AD3A441A813532009FDE5C /* HomeViewController.m */ = {isa = PBXFileReference; fileEncoding = 4; lastKnownFileType = sourcecode.c.objc; path = HomeViewController.m; sourceTree = "<group>"; };
		62AD3A451A813532009FDE5C /* ImageCollectionViewCell.h */ = {isa = PBXFileReference; fileEncoding = 4; lastKnownFileType = sourcecode.c.h; path = ImageCollectionViewCell.h; sourceTree = "<group>"; };
		62AD3A461A813532009FDE5C /* ImageCollectionViewCell.m */ = {isa = PBXFileReference; fileEncoding = 4; lastKnownFileType = sourcecode.c.objc; path = ImageCollectionViewCell.m; sourceTree = "<group>"; };
		62AD3A941A8170E8009FDE5C /* AudioToolbox.framework */ = {isa = PBXFileReference; lastKnownFileType = wrapper.framework; name = AudioToolbox.framework; path = System/Library/Frameworks/AudioToolbox.framework; sourceTree = SDKROOT; };
		62AD3A961A8170EF009FDE5C /* Accounts.framework */ = {isa = PBXFileReference; lastKnownFileType = wrapper.framework; name = Accounts.framework; path = System/Library/Frameworks/Accounts.framework; sourceTree = SDKROOT; };
		62AD3A981A8170F5009FDE5C /* AdSupport.framework */ = {isa = PBXFileReference; lastKnownFileType = wrapper.framework; name = AdSupport.framework; path = System/Library/Frameworks/AdSupport.framework; sourceTree = SDKROOT; };
		62AD3A9A1A8170F9009FDE5C /* CFNetwork.framework */ = {isa = PBXFileReference; lastKnownFileType = wrapper.framework; name = CFNetwork.framework; path = System/Library/Frameworks/CFNetwork.framework; sourceTree = SDKROOT; };
		62AD3A9C1A817100009FDE5C /* CoreGraphics.framework */ = {isa = PBXFileReference; lastKnownFileType = wrapper.framework; name = CoreGraphics.framework; path = System/Library/Frameworks/CoreGraphics.framework; sourceTree = SDKROOT; };
		62AD3A9E1A817106009FDE5C /* CoreLocation.framework */ = {isa = PBXFileReference; lastKnownFileType = wrapper.framework; name = CoreLocation.framework; path = System/Library/Frameworks/CoreLocation.framework; sourceTree = SDKROOT; };
		62AD3AA01A81710F009FDE5C /* libsqlite3.dylib */ = {isa = PBXFileReference; lastKnownFileType = "compiled.mach-o.dylib"; name = libsqlite3.dylib; path = usr/lib/libsqlite3.dylib; sourceTree = SDKROOT; };
		62AD3AA21A817117009FDE5C /* libz.1.1.3.dylib */ = {isa = PBXFileReference; lastKnownFileType = "compiled.mach-o.dylib"; name = libz.1.1.3.dylib; path = usr/lib/libz.1.1.3.dylib; sourceTree = SDKROOT; };
		62AD3AA41A81711E009FDE5C /* MobileCoreServices.framework */ = {isa = PBXFileReference; lastKnownFileType = wrapper.framework; name = MobileCoreServices.framework; path = System/Library/Frameworks/MobileCoreServices.framework; sourceTree = SDKROOT; };
		62AD3AA61A817126009FDE5C /* QuartzCore.framework */ = {isa = PBXFileReference; lastKnownFileType = wrapper.framework; name = QuartzCore.framework; path = System/Library/Frameworks/QuartzCore.framework; sourceTree = SDKROOT; };
		62AD3AA81A81712C009FDE5C /* Security.framework */ = {isa = PBXFileReference; lastKnownFileType = wrapper.framework; name = Security.framework; path = System/Library/Frameworks/Security.framework; sourceTree = SDKROOT; };
		62AD3AAA1A817131009FDE5C /* Social.framework */ = {isa = PBXFileReference; lastKnownFileType = wrapper.framework; name = Social.framework; path = System/Library/Frameworks/Social.framework; sourceTree = SDKROOT; };
		62AD3AAC1A817136009FDE5C /* StoreKit.framework */ = {isa = PBXFileReference; lastKnownFileType = wrapper.framework; name = StoreKit.framework; path = System/Library/Frameworks/StoreKit.framework; sourceTree = SDKROOT; };
		62AD3AAE1A81713E009FDE5C /* SystemConfiguration.framework */ = {isa = PBXFileReference; lastKnownFileType = wrapper.framework; name = SystemConfiguration.framework; path = System/Library/Frameworks/SystemConfiguration.framework; sourceTree = SDKROOT; };
		62AD3AB01A817143009FDE5C /* UIKit.framework */ = {isa = PBXFileReference; lastKnownFileType = wrapper.framework; name = UIKit.framework; path = System/Library/Frameworks/UIKit.framework; sourceTree = SDKROOT; };
		62AD3AB21A817148009FDE5C /* Foundation.framework */ = {isa = PBXFileReference; lastKnownFileType = wrapper.framework; name = Foundation.framework; path = System/Library/Frameworks/Foundation.framework; sourceTree = SDKROOT; };
		62AD3ABA1A81798E009FDE5C /* SearchViewController.h */ = {isa = PBXFileReference; fileEncoding = 4; lastKnownFileType = sourcecode.c.h; path = SearchViewController.h; sourceTree = "<group>"; };
		62AD3ABB1A81798E009FDE5C /* SearchViewController.m */ = {isa = PBXFileReference; fileEncoding = 4; lastKnownFileType = sourcecode.c.objc; path = SearchViewController.m; sourceTree = "<group>"; };
		62AD3ABD1A8179C1009FDE5C /* SelectedPictureViewController.h */ = {isa = PBXFileReference; fileEncoding = 4; lastKnownFileType = sourcecode.c.h; path = SelectedPictureViewController.h; sourceTree = "<group>"; };
		62AD3ABE1A8179C1009FDE5C /* SelectedPictureViewController.m */ = {isa = PBXFileReference; fileEncoding = 4; lastKnownFileType = sourcecode.c.objc; path = SelectedPictureViewController.m; sourceTree = "<group>"; };
		62AD3AC01A8179DF009FDE5C /* ProfileViewController.h */ = {isa = PBXFileReference; fileEncoding = 4; lastKnownFileType = sourcecode.c.h; path = ProfileViewController.h; sourceTree = "<group>"; };
		62AD3AC11A8179DF009FDE5C /* ProfileViewController.m */ = {isa = PBXFileReference; fileEncoding = 4; lastKnownFileType = sourcecode.c.objc; path = ProfileViewController.m; sourceTree = "<group>"; };
		62AD3AC41A818025009FDE5C /* Parse.framework */ = {isa = PBXFileReference; lastKnownFileType = wrapper.framework; path = Parse.framework; sourceTree = "<group>"; };
		62AD3AC51A818025009FDE5C /* ParseCrashReporting.framework */ = {isa = PBXFileReference; lastKnownFileType = wrapper.framework; path = ParseCrashReporting.framework; sourceTree = "<group>"; };
		62AD3AC61A818025009FDE5C /* ParseFacebookUtils.framework */ = {isa = PBXFileReference; lastKnownFileType = wrapper.framework; path = ParseFacebookUtils.framework; sourceTree = "<group>"; };
		62AD3AC71A818025009FDE5C /* ParseUI.framework */ = {isa = PBXFileReference; lastKnownFileType = wrapper.framework; path = ParseUI.framework; sourceTree = "<group>"; };
		62AD3ACD1A8182AF009FDE5C /* Parse.framework */ = {isa = PBXFileReference; lastKnownFileType = wrapper.framework; path = Parse.framework; sourceTree = "<group>"; };
		62AD3ACE1A8182AF009FDE5C /* ParseCrashReporting.framework */ = {isa = PBXFileReference; lastKnownFileType = wrapper.framework; path = ParseCrashReporting.framework; sourceTree = "<group>"; };
		62AD3ACF1A8182AF009FDE5C /* ParseFacebookUtils.framework */ = {isa = PBXFileReference; lastKnownFileType = wrapper.framework; path = ParseFacebookUtils.framework; sourceTree = "<group>"; };
		62AD3AD01A8182AF009FDE5C /* ParseUI.framework */ = {isa = PBXFileReference; lastKnownFileType = wrapper.framework; path = ParseUI.framework; sourceTree = "<group>"; };
		62AD3AD51A818F92009FDE5C /* AVFoundation.framework */ = {isa = PBXFileReference; lastKnownFileType = wrapper.framework; name = AVFoundation.framework; path = System/Library/Frameworks/AVFoundation.framework; sourceTree = SDKROOT; };
/* End PBXFileReference section */

/* Begin PBXFrameworksBuildPhase section */
		625979321A80358300AF6C9D /* Frameworks */ = {
			isa = PBXFrameworksBuildPhase;
			buildActionMask = 2147483647;
			files = (
				62AD3AD71A819427009FDE5C /* AVFoundation.framework in Frameworks */,
				62AD3AB11A817143009FDE5C /* UIKit.framework in Frameworks */,
				62AD3AAF1A81713E009FDE5C /* SystemConfiguration.framework in Frameworks */,
				62AD3AAD1A817136009FDE5C /* StoreKit.framework in Frameworks */,
				62AD3AAB1A817131009FDE5C /* Social.framework in Frameworks */,
				62AD3AA91A81712C009FDE5C /* Security.framework in Frameworks */,
				181A6C661A81875800DC9CB9 /* Bolts.framework in Frameworks */,
				62AD3AA71A817126009FDE5C /* QuartzCore.framework in Frameworks */,
				62AD3AA51A81711E009FDE5C /* MobileCoreServices.framework in Frameworks */,
				62AD3AA31A817117009FDE5C /* libz.1.1.3.dylib in Frameworks */,
				62AD3AD41A8182AF009FDE5C /* ParseUI.framework in Frameworks */,
				62AD3AA11A81710F009FDE5C /* libsqlite3.dylib in Frameworks */,
				62AD3AD21A8182AF009FDE5C /* ParseCrashReporting.framework in Frameworks */,
				62AD3AD11A8182AF009FDE5C /* Parse.framework in Frameworks */,
				62AD3A9F1A817106009FDE5C /* CoreLocation.framework in Frameworks */,
				62AD3A9D1A817100009FDE5C /* CoreGraphics.framework in Frameworks */,
				62AD3A9B1A8170F9009FDE5C /* CFNetwork.framework in Frameworks */,
				62AD3A991A8170F5009FDE5C /* AdSupport.framework in Frameworks */,
				62AD3A971A8170EF009FDE5C /* Accounts.framework in Frameworks */,
				62AD3AD31A8182AF009FDE5C /* ParseFacebookUtils.framework in Frameworks */,
				62AD3A951A8170E8009FDE5C /* AudioToolbox.framework in Frameworks */,
			);
			runOnlyForDeploymentPostprocessing = 0;
		};
		6259794E1A80358300AF6C9D /* Frameworks */ = {
			isa = PBXFrameworksBuildPhase;
			buildActionMask = 2147483647;
			files = (
			);
			runOnlyForDeploymentPostprocessing = 0;
		};
/* End PBXFrameworksBuildPhase section */

/* Begin PBXGroup section */
		6259792C1A80358300AF6C9D = {
			isa = PBXGroup;
			children = (
				62AD3AB41A817154009FDE5C /* Frameworks */,
				625979371A80358300AF6C9D /* AudioGram */,
				625979541A80358300AF6C9D /* AudioGramTests */,
				625979361A80358300AF6C9D /* Products */,
			);
			sourceTree = "<group>";
		};
		625979361A80358300AF6C9D /* Products */ = {
			isa = PBXGroup;
			children = (
				625979351A80358300AF6C9D /* AudioGram.app */,
				625979511A80358300AF6C9D /* AudioGramTests.xctest */,
			);
			name = Products;
			sourceTree = "<group>";
		};
		625979371A80358300AF6C9D /* AudioGram */ = {
			isa = PBXGroup;
			children = (
				6259793C1A80358300AF6C9D /* AppDelegate.h */,
				6259793D1A80358300AF6C9D /* AppDelegate.m */,
				62AD3A3A1A813532009FDE5C /* AddPhotoViewController.h */,
				62AD3A3B1A813532009FDE5C /* AddPhotoViewController.m */,
				62AD3A411A813532009FDE5C /* Main.storyboard */,
				62AD3A3C1A813532009FDE5C /* AudioGram.xcdatamodeld */,
				62AD3A3F1A813532009FDE5C /* LaunchScreen.xib */,
				62AB2CB31A81CA81008FAF04 /* MyLoginViewController.h */,
				62AB2CB41A81CA81008FAF04 /* MyLoginViewController.m */,
				62AD3A431A813532009FDE5C /* HomeViewController.h */,
				62AD3A441A813532009FDE5C /* HomeViewController.m */,
				62AD3A451A813532009FDE5C /* ImageCollectionViewCell.h */,
				62AD3A461A813532009FDE5C /* ImageCollectionViewCell.m */,
				62AD3ABA1A81798E009FDE5C /* SearchViewController.h */,
				62AD3ABB1A81798E009FDE5C /* SearchViewController.m */,
				62AD3ABD1A8179C1009FDE5C /* SelectedPictureViewController.h */,
				62AD3ABE1A8179C1009FDE5C /* SelectedPictureViewController.m */,
				62AD3AC01A8179DF009FDE5C /* ProfileViewController.h */,
				62AD3AC11A8179DF009FDE5C /* ProfileViewController.m */,
				625979481A80358300AF6C9D /* Images.xcassets */,
				625979381A80358300AF6C9D /* Supporting Files */,
			);
			path = AudioGram;
			sourceTree = "<group>";
		};
		625979381A80358300AF6C9D /* Supporting Files */ = {
			isa = PBXGroup;
			children = (
				625979391A80358300AF6C9D /* Info.plist */,
				6259793A1A80358300AF6C9D /* main.m */,
			);
			name = "Supporting Files";
			sourceTree = "<group>";
		};
		625979541A80358300AF6C9D /* AudioGramTests */ = {
			isa = PBXGroup;
			children = (
				625979571A80358300AF6C9D /* AudioGramTests.m */,
				625979551A80358300AF6C9D /* Supporting Files */,
			);
			path = AudioGramTests;
			sourceTree = "<group>";
		};
		625979551A80358300AF6C9D /* Supporting Files */ = {
			isa = PBXGroup;
			children = (
				625979561A80358300AF6C9D /* Info.plist */,
			);
			name = "Supporting Files";
			sourceTree = "<group>";
		};
		62AD3AB41A817154009FDE5C /* Frameworks */ = {
			isa = PBXGroup;
			children = (
				62AD3AD51A818F92009FDE5C /* AVFoundation.framework */,
				181A6C651A81875800DC9CB9 /* Bolts.framework */,
				62AD3ACD1A8182AF009FDE5C /* Parse.framework */,
				62AD3ACE1A8182AF009FDE5C /* ParseCrashReporting.framework */,
				62AD3ACF1A8182AF009FDE5C /* ParseFacebookUtils.framework */,
				62AD3AD01A8182AF009FDE5C /* ParseUI.framework */,
				62AD3AC41A818025009FDE5C /* Parse.framework */,
				62AD3AC51A818025009FDE5C /* ParseCrashReporting.framework */,
				62AD3AC61A818025009FDE5C /* ParseFacebookUtils.framework */,
				62AD3AC71A818025009FDE5C /* ParseUI.framework */,
				62AD3AAA1A817131009FDE5C /* Social.framework */,
				62AD3AA81A81712C009FDE5C /* Security.framework */,
				62AD3AA61A817126009FDE5C /* QuartzCore.framework */,
				62AD3AA41A81711E009FDE5C /* MobileCoreServices.framework */,
				62AD3AA21A817117009FDE5C /* libz.1.1.3.dylib */,
				62AD3AA01A81710F009FDE5C /* libsqlite3.dylib */,
				62AD3A9E1A817106009FDE5C /* CoreLocation.framework */,
				62AD3A9C1A817100009FDE5C /* CoreGraphics.framework */,
				62AD3A9A1A8170F9009FDE5C /* CFNetwork.framework */,
				62AD3A981A8170F5009FDE5C /* AdSupport.framework */,
				62AD3A961A8170EF009FDE5C /* Accounts.framework */,
				62AD3A941A8170E8009FDE5C /* AudioToolbox.framework */,
				62AD3AAE1A81713E009FDE5C /* SystemConfiguration.framework */,
				62AD3AAC1A817136009FDE5C /* StoreKit.framework */,
				62AD3AB01A817143009FDE5C /* UIKit.framework */,
				62AD3AB21A817148009FDE5C /* Foundation.framework */,
			);
			name = Frameworks;
			sourceTree = "<group>";
		};
/* End PBXGroup section */

/* Begin PBXNativeTarget section */
		625979341A80358300AF6C9D /* AudioGram */ = {
			isa = PBXNativeTarget;
			buildConfigurationList = 6259795B1A80358300AF6C9D /* Build configuration list for PBXNativeTarget "AudioGram" */;
			buildPhases = (
				625979311A80358300AF6C9D /* Sources */,
				625979321A80358300AF6C9D /* Frameworks */,
				625979331A80358300AF6C9D /* Resources */,
			);
			buildRules = (
			);
			dependencies = (
			);
			name = AudioGram;
			productName = AudioGram;
			productReference = 625979351A80358300AF6C9D /* AudioGram.app */;
			productType = "com.apple.product-type.application";
		};
		625979501A80358300AF6C9D /* AudioGramTests */ = {
			isa = PBXNativeTarget;
			buildConfigurationList = 6259795E1A80358300AF6C9D /* Build configuration list for PBXNativeTarget "AudioGramTests" */;
			buildPhases = (
				6259794D1A80358300AF6C9D /* Sources */,
				6259794E1A80358300AF6C9D /* Frameworks */,
				6259794F1A80358300AF6C9D /* Resources */,
			);
			buildRules = (
			);
			dependencies = (
				625979531A80358300AF6C9D /* PBXTargetDependency */,
			);
			name = AudioGramTests;
			productName = AudioGramTests;
			productReference = 625979511A80358300AF6C9D /* AudioGramTests.xctest */;
			productType = "com.apple.product-type.bundle.unit-test";
		};
/* End PBXNativeTarget section */

/* Begin PBXProject section */
		6259792D1A80358300AF6C9D /* Project object */ = {
			isa = PBXProject;
			attributes = {
				LastUpgradeCheck = 0610;
				ORGANIZATIONNAME = "Mary Jenel Myers";
				TargetAttributes = {
					625979341A80358300AF6C9D = {
						CreatedOnToolsVersion = 6.1.1;
					};
					625979501A80358300AF6C9D = {
						CreatedOnToolsVersion = 6.1.1;
						TestTargetID = 625979341A80358300AF6C9D;
					};
				};
			};
			buildConfigurationList = 625979301A80358300AF6C9D /* Build configuration list for PBXProject "AudioGram" */;
			compatibilityVersion = "Xcode 3.2";
			developmentRegion = English;
			hasScannedForEncodings = 0;
			knownRegions = (
				en,
				Base,
			);
			mainGroup = 6259792C1A80358300AF6C9D;
			productRefGroup = 625979361A80358300AF6C9D /* Products */;
			projectDirPath = "";
			projectRoot = "";
			targets = (
				625979341A80358300AF6C9D /* AudioGram */,
				625979501A80358300AF6C9D /* AudioGramTests */,
			);
		};
/* End PBXProject section */

/* Begin PBXResourcesBuildPhase section */
		625979331A80358300AF6C9D /* Resources */ = {
			isa = PBXResourcesBuildPhase;
			buildActionMask = 2147483647;
			files = (
				62AD3A501A813532009FDE5C /* LaunchScreen.xib in Resources */,
				62AD3A511A813532009FDE5C /* Main.storyboard in Resources */,
				625979491A80358300AF6C9D /* Images.xcassets in Resources */,
			);
			runOnlyForDeploymentPostprocessing = 0;
		};
		6259794F1A80358300AF6C9D /* Resources */ = {
			isa = PBXResourcesBuildPhase;
			buildActionMask = 2147483647;
			files = (
			);
			runOnlyForDeploymentPostprocessing = 0;
		};
/* End PBXResourcesBuildPhase section */

/* Begin PBXSourcesBuildPhase section */
		625979311A80358300AF6C9D /* Sources */ = {
			isa = PBXSourcesBuildPhase;
			buildActionMask = 2147483647;
			files = (
				62AB2CB51A81CA81008FAF04 /* MyLoginViewController.m in Sources */,
				6259793E1A80358300AF6C9D /* AppDelegate.m in Sources */,
				62AD3AC21A8179DF009FDE5C /* ProfileViewController.m in Sources */,
				62AD3A4F1A813532009FDE5C /* AudioGram.xcdatamodeld in Sources */,
				62AD3A4E1A813532009FDE5C /* AddPhotoViewController.m in Sources */,
				62AD3A521A813532009FDE5C /* HomeViewController.m in Sources */,
				62AD3A531A813532009FDE5C /* ImageCollectionViewCell.m in Sources */,
				6259793B1A80358300AF6C9D /* main.m in Sources */,
				62AD3ABF1A8179C1009FDE5C /* SelectedPictureViewController.m in Sources */,
				62AD3ABC1A81798E009FDE5C /* SearchViewController.m in Sources */,
			);
			runOnlyForDeploymentPostprocessing = 0;
		};
		6259794D1A80358300AF6C9D /* Sources */ = {
			isa = PBXSourcesBuildPhase;
			buildActionMask = 2147483647;
			files = (
				625979581A80358300AF6C9D /* AudioGramTests.m in Sources */,
			);
			runOnlyForDeploymentPostprocessing = 0;
		};
/* End PBXSourcesBuildPhase section */

/* Begin PBXTargetDependency section */
		625979531A80358300AF6C9D /* PBXTargetDependency */ = {
			isa = PBXTargetDependency;
			target = 625979341A80358300AF6C9D /* AudioGram */;
			targetProxy = 625979521A80358300AF6C9D /* PBXContainerItemProxy */;
		};
/* End PBXTargetDependency section */

/* Begin PBXVariantGroup section */
		62AD3A3F1A813532009FDE5C /* LaunchScreen.xib */ = {
			isa = PBXVariantGroup;
			children = (
				62AD3A401A813532009FDE5C /* Base */,
			);
			name = LaunchScreen.xib;
			path = Base.lproj;
			sourceTree = "<group>";
		};
		62AD3A411A813532009FDE5C /* Main.storyboard */ = {
			isa = PBXVariantGroup;
			children = (
				62AD3A421A813532009FDE5C /* Base */,
			);
			name = Main.storyboard;
			path = Base.lproj;
			sourceTree = "<group>";
		};
/* End PBXVariantGroup section */

/* Begin XCBuildConfiguration section */
		625979591A80358300AF6C9D /* Debug */ = {
			isa = XCBuildConfiguration;
			buildSettings = {
				ALWAYS_SEARCH_USER_PATHS = NO;
				CLANG_CXX_LANGUAGE_STANDARD = "gnu++0x";
				CLANG_CXX_LIBRARY = "libc++";
				CLANG_ENABLE_MODULES = YES;
				CLANG_ENABLE_OBJC_ARC = YES;
				CLANG_WARN_BOOL_CONVERSION = YES;
				CLANG_WARN_CONSTANT_CONVERSION = YES;
				CLANG_WARN_DIRECT_OBJC_ISA_USAGE = YES_ERROR;
				CLANG_WARN_EMPTY_BODY = YES;
				CLANG_WARN_ENUM_CONVERSION = YES;
				CLANG_WARN_INT_CONVERSION = YES;
				CLANG_WARN_OBJC_ROOT_CLASS = YES_ERROR;
				CLANG_WARN_UNREACHABLE_CODE = YES;
				CLANG_WARN__DUPLICATE_METHOD_MATCH = YES;
				"CODE_SIGN_IDENTITY[sdk=iphoneos*]" = "iPhone Developer";
				COPY_PHASE_STRIP = NO;
				ENABLE_STRICT_OBJC_MSGSEND = YES;
				GCC_C_LANGUAGE_STANDARD = gnu99;
				GCC_DYNAMIC_NO_PIC = NO;
				GCC_OPTIMIZATION_LEVEL = 0;
				GCC_PREPROCESSOR_DEFINITIONS = (
					"DEBUG=1",
					"$(inherited)",
				);
				GCC_SYMBOLS_PRIVATE_EXTERN = NO;
				GCC_WARN_64_TO_32_BIT_CONVERSION = YES;
				GCC_WARN_ABOUT_RETURN_TYPE = YES_ERROR;
				GCC_WARN_UNDECLARED_SELECTOR = YES;
				GCC_WARN_UNINITIALIZED_AUTOS = YES_AGGRESSIVE;
				GCC_WARN_UNUSED_FUNCTION = YES;
				GCC_WARN_UNUSED_VARIABLE = YES;
				IPHONEOS_DEPLOYMENT_TARGET = 8.1;
				MTL_ENABLE_DEBUG_INFO = YES;
				ONLY_ACTIVE_ARCH = YES;
				SDKROOT = iphoneos;
			};
			name = Debug;
		};
		6259795A1A80358300AF6C9D /* Release */ = {
			isa = XCBuildConfiguration;
			buildSettings = {
				ALWAYS_SEARCH_USER_PATHS = NO;
				CLANG_CXX_LANGUAGE_STANDARD = "gnu++0x";
				CLANG_CXX_LIBRARY = "libc++";
				CLANG_ENABLE_MODULES = YES;
				CLANG_ENABLE_OBJC_ARC = YES;
				CLANG_WARN_BOOL_CONVERSION = YES;
				CLANG_WARN_CONSTANT_CONVERSION = YES;
				CLANG_WARN_DIRECT_OBJC_ISA_USAGE = YES_ERROR;
				CLANG_WARN_EMPTY_BODY = YES;
				CLANG_WARN_ENUM_CONVERSION = YES;
				CLANG_WARN_INT_CONVERSION = YES;
				CLANG_WARN_OBJC_ROOT_CLASS = YES_ERROR;
				CLANG_WARN_UNREACHABLE_CODE = YES;
				CLANG_WARN__DUPLICATE_METHOD_MATCH = YES;
				"CODE_SIGN_IDENTITY[sdk=iphoneos*]" = "iPhone Developer";
				COPY_PHASE_STRIP = YES;
				ENABLE_NS_ASSERTIONS = NO;
				ENABLE_STRICT_OBJC_MSGSEND = YES;
				GCC_C_LANGUAGE_STANDARD = gnu99;
				GCC_WARN_64_TO_32_BIT_CONVERSION = YES;
				GCC_WARN_ABOUT_RETURN_TYPE = YES_ERROR;
				GCC_WARN_UNDECLARED_SELECTOR = YES;
				GCC_WARN_UNINITIALIZED_AUTOS = YES_AGGRESSIVE;
				GCC_WARN_UNUSED_FUNCTION = YES;
				GCC_WARN_UNUSED_VARIABLE = YES;
				IPHONEOS_DEPLOYMENT_TARGET = 8.1;
				MTL_ENABLE_DEBUG_INFO = NO;
				SDKROOT = iphoneos;
				VALIDATE_PRODUCT = YES;
			};
			name = Release;
		};
		6259795C1A80358300AF6C9D /* Debug */ = {
			isa = XCBuildConfiguration;
			buildSettings = {
				ASSETCATALOG_COMPILER_APPICON_NAME = AppIcon;
				FRAMEWORK_SEARCH_PATHS = (
					"$(inherited)",
					"$(PROJECT_DIR)",
					"$(PROJECT_DIR)/ParsePlatform-LoginAndSignUpTutorial-0710943",
				);
				INFOPLIST_FILE = AudioGram/Info.plist;
				LD_RUNPATH_SEARCH_PATHS = "$(inherited) @executable_path/Frameworks";
				PRODUCT_NAME = "$(TARGET_NAME)";
			};
			name = Debug;
		};
		6259795D1A80358300AF6C9D /* Release */ = {
			isa = XCBuildConfiguration;
			buildSettings = {
				ASSETCATALOG_COMPILER_APPICON_NAME = AppIcon;
				FRAMEWORK_SEARCH_PATHS = (
					"$(inherited)",
					"$(PROJECT_DIR)",
					"$(PROJECT_DIR)/ParsePlatform-LoginAndSignUpTutorial-0710943",
				);
				INFOPLIST_FILE = AudioGram/Info.plist;
				LD_RUNPATH_SEARCH_PATHS = "$(inherited) @executable_path/Frameworks";
				PRODUCT_NAME = "$(TARGET_NAME)";
			};
			name = Release;
		};
		6259795F1A80358300AF6C9D /* Debug */ = {
			isa = XCBuildConfiguration;
			buildSettings = {
				BUNDLE_LOADER = "$(TEST_HOST)";
				FRAMEWORK_SEARCH_PATHS = (
					"$(SDKROOT)/Developer/Library/Frameworks",
					"$(inherited)",
				);
				GCC_PREPROCESSOR_DEFINITIONS = (
					"DEBUG=1",
					"$(inherited)",
				);
				INFOPLIST_FILE = AudioGramTests/Info.plist;
				LD_RUNPATH_SEARCH_PATHS = "$(inherited) @executable_path/Frameworks @loader_path/Frameworks";
				PRODUCT_NAME = "$(TARGET_NAME)";
				TEST_HOST = "$(BUILT_PRODUCTS_DIR)/AudioGram.app/AudioGram";
			};
			name = Debug;
		};
		625979601A80358300AF6C9D /* Release */ = {
			isa = XCBuildConfiguration;
			buildSettings = {
				BUNDLE_LOADER = "$(TEST_HOST)";
				FRAMEWORK_SEARCH_PATHS = (
					"$(SDKROOT)/Developer/Library/Frameworks",
					"$(inherited)",
				);
				INFOPLIST_FILE = AudioGramTests/Info.plist;
				LD_RUNPATH_SEARCH_PATHS = "$(inherited) @executable_path/Frameworks @loader_path/Frameworks";
				PRODUCT_NAME = "$(TARGET_NAME)";
				TEST_HOST = "$(BUILT_PRODUCTS_DIR)/AudioGram.app/AudioGram";
			};
			name = Release;
		};
/* End XCBuildConfiguration section */

/* Begin XCConfigurationList section */
		625979301A80358300AF6C9D /* Build configuration list for PBXProject "AudioGram" */ = {
			isa = XCConfigurationList;
			buildConfigurations = (
				625979591A80358300AF6C9D /* Debug */,
				6259795A1A80358300AF6C9D /* Release */,
			);
			defaultConfigurationIsVisible = 0;
			defaultConfigurationName = Release;
		};
		6259795B1A80358300AF6C9D /* Build configuration list for PBXNativeTarget "AudioGram" */ = {
			isa = XCConfigurationList;
			buildConfigurations = (
				6259795C1A80358300AF6C9D /* Debug */,
				6259795D1A80358300AF6C9D /* Release */,
			);
			defaultConfigurationIsVisible = 0;
			defaultConfigurationName = Release;
		};
		6259795E1A80358300AF6C9D /* Build configuration list for PBXNativeTarget "AudioGramTests" */ = {
			isa = XCConfigurationList;
			buildConfigurations = (
				6259795F1A80358300AF6C9D /* Debug */,
				625979601A80358300AF6C9D /* Release */,
			);
			defaultConfigurationIsVisible = 0;
			defaultConfigurationName = Release;
		};
/* End XCConfigurationList section */

/* Begin XCVersionGroup section */
		62AD3A3C1A813532009FDE5C /* AudioGram.xcdatamodeld */ = {
			isa = XCVersionGroup;
			children = (
				62AD3A3D1A813532009FDE5C /* AudioGram.xcdatamodel */,
			);
			currentVersion = 62AD3A3D1A813532009FDE5C /* AudioGram.xcdatamodel */;
			path = AudioGram.xcdatamodeld;
			sourceTree = "<group>";
			versionGroupType = wrapper.xcdatamodel;
		};
/* End XCVersionGroup section */
	};
	rootObject = 6259792D1A80358300AF6C9D /* Project object */;
}
